PODS:
  - AdColony (3.1.1)
  - ampiri-ios-sdk/Adapters/AdColonyAdapter (4.2.1):
    - AdColony (~> 3.1)
    - ampiri-ios-sdk/Core
  - ampiri-ios-sdk/Adapters/AppLovinAdapter (4.2.1):
    - ampiri-ios-sdk/Core
  - ampiri-ios-sdk/Adapters/ChartboostAdapter (4.2.1):
    - ampiri-ios-sdk/Core
    - ChartboostSDK (~> 6.6)
  - ampiri-ios-sdk/Adapters/FBAudienceAdapter (4.2.1):
    - ampiri-ios-sdk/Core
    - FBAudienceNetwork (~> 4.20)
  - ampiri-ios-sdk/Adapters/GoogleMobileAdsAdapter (4.2.1):
    - ampiri-ios-sdk/Core
    - Google-Mobile-Ads-SDK (~> 7.20)
  - ampiri-ios-sdk/Adapters/MopubAdapter (4.2.1):
    - ampiri-ios-sdk/Core
    - mopub-ios-sdk (~> 4.14)
  - ampiri-ios-sdk/Adapters/NativeXAdapter (4.2.1):
    - ampiri-ios-sdk/Core
    - NativeX-iOS-SDK (~> 5.5)
  - ampiri-ios-sdk/Adapters/UnityAdsAdapter (4.2.1):
    - ampiri-ios-sdk/Core
    - UnityAds (~> 2.1)
  - ampiri-ios-sdk/Adapters/VungleAdapter (4.2.1):
    - ampiri-ios-sdk/Core
    - VungleSDK-iOS (~> 4.1)
  - ampiri-ios-sdk/Core (4.2.1)
  - ChartboostSDK (6.6.3)
  - FBAudienceNetwork (4.23.0)
  - Google-Mobile-Ads-SDK (7.20.0)
  - mopub-ios-sdk (4.14.0):
    - mopub-ios-sdk/MoPubSDK (= 4.14.0)
  - mopub-ios-sdk/MoPubSDK (4.14.0)
  - NativeX-iOS-SDK (5.5.9)
  - UnityAds (2.1.0)
  - VungleSDK-iOS (4.1.0)

DEPENDENCIES:
  - ampiri-ios-sdk/Adapters/AdColonyAdapter
  - ampiri-ios-sdk/Adapters/AppLovinAdapter
  - ampiri-ios-sdk/Adapters/ChartboostAdapter
  - ampiri-ios-sdk/Adapters/FBAudienceAdapter
  - ampiri-ios-sdk/Adapters/GoogleMobileAdsAdapter
  - ampiri-ios-sdk/Adapters/MopubAdapter
  - ampiri-ios-sdk/Adapters/NativeXAdapter
  - ampiri-ios-sdk/Adapters/UnityAdsAdapter
  - ampiri-ios-sdk/Adapters/VungleAdapter
  - ampiri-ios-sdk/Core

SPEC CHECKSUMS:
  AdColony: 27bcddd3d79b24f61765dd799fcc666975f90daa
  ampiri-ios-sdk: d8984328310d776d456d58a80756bc46a4c7032f
  ChartboostSDK: c0aefb3c25efcd1fa9a43fb45547ea98b323c95c
  FBAudienceNetwork: 20a0e3d20e377dbb6708365e4c6d0711bf08ca97
  Google-Mobile-Ads-SDK: 168312cdc167fa22746d4ea8e839fc4825dd2966
  mopub-ios-sdk: 7f08192469c06842a9354d972db32acd18127ae0
  NativeX-iOS-SDK: 603e43a508b3c52658d78f073a8d54a8baf8d75d
  UnityAds: 99645a5b7011c96d1e9204f8540ce66ea1b7dfb4
  VungleSDK-iOS: 0dac102fa56e0a6f24444b4f500d1ccf2e43ea79

PODFILE CHECKSUM: f4396773f45b66ec319867c0f487218e9ef7de8a

COCOAPODS: 1.2.1
